// !$*UTF8*$!
{
	archiveVersion = 1;
	classes = {
	};
	objectVersion = 52;
	objects = {

/* Begin PBXBuildFile section */
		3B7CADED24E7744800EC3FAA /* AppDelegate.swift in Sources */ = {isa = PBXBuildFile; fileRef = 3B7CADEC24E7744800EC3FAA /* AppDelegate.swift */; };
		3B7CADF124E7744800EC3FAA /* ViewController.swift in Sources */ = {isa = PBXBuildFile; fileRef = 3B7CADF024E7744800EC3FAA /* ViewController.swift */; };
		3B7CADF424E7744800EC3FAA /* Main.storyboard in Resources */ = {isa = PBXBuildFile; fileRef = 3B7CADF224E7744800EC3FAA /* Main.storyboard */; };
		3B7CADF624E7744A00EC3FAA /* Assets.xcassets in Resources */ = {isa = PBXBuildFile; fileRef = 3B7CADF524E7744A00EC3FAA /* Assets.xcassets */; };
		3B7CADF924E7744A00EC3FAA /* LaunchScreen.storyboard in Resources */ = {isa = PBXBuildFile; fileRef = 3B7CADF724E7744A00EC3FAA /* LaunchScreen.storyboard */; };
		3B7CAE0124E774E800EC3FAA /* iDevKits in Resources */ = {isa = PBXBuildFile; fileRef = 3B7CAE0024E774E800EC3FAA /* iDevKits */; };
		3B7CAE0824E78C4300EC3FAA /* iDKSwifterSwift in Frameworks */ = {isa = PBXBuildFile; productRef = 3B7CAE0724E78C4300EC3FAA /* iDKSwifterSwift */; };
		3B7CAE0A24E7B13000EC3FAA /* iDKSafeDictionary in Frameworks */ = {isa = PBXBuildFile; productRef = 3B7CAE0924E7B13000EC3FAA /* iDKSafeDictionary */; };
		3B7CAE0C24E7B13000EC3FAA /* iDKUserDefault in Frameworks */ = {isa = PBXBuildFile; productRef = 3B7CAE0B24E7B13000EC3FAA /* iDKUserDefault */; };
/* End PBXBuildFile section */

/* Begin PBXFileReference section */
		3B7CADE924E7744800EC3FAA /* iDevKitsExample.app */ = {isa = PBXFileReference; explicitFileType = wrapper.application; includeInIndex = 0; path = iDevKitsExample.app; sourceTree = BUILT_PRODUCTS_DIR; };
		3B7CADEC24E7744800EC3FAA /* AppDelegate.swift */ = {isa = PBXFileReference; lastKnownFileType = sourcecode.swift; path = AppDelegate.swift; sourceTree = "<group>"; };
		3B7CADF024E7744800EC3FAA /* ViewController.swift */ = {isa = PBXFileReference; lastKnownFileType = sourcecode.swift; path = ViewController.swift; sourceTree = "<group>"; };
		3B7CADF324E7744800EC3FAA /* Base */ = {isa = PBXFileReference; lastKnownFileType = file.storyboard; name = Base; path = Base.lproj/Main.storyboard; sourceTree = "<group>"; };
		3B7CADF524E7744A00EC3FAA /* Assets.xcassets */ = {isa = PBXFileReference; lastKnownFileType = folder.assetcatalog; path = Assets.xcassets; sourceTree = "<group>"; };
		3B7CADF824E7744A00EC3FAA /* Base */ = {isa = PBXFileReference; lastKnownFileType = file.storyboard; name = Base; path = Base.lproj/LaunchScreen.storyboard; sourceTree = "<group>"; };
		3B7CADFA24E7744A00EC3FAA /* Info.plist */ = {isa = PBXFileReference; lastKnownFileType = text.plist.xml; path = Info.plist; sourceTree = "<group>"; };
		3B7CAE0024E774E800EC3FAA /* iDevKits */ = {isa = PBXFileReference; lastKnownFileType = folder; name = iDevKits; path = ..; sourceTree = "<group>"; };
/* End PBXFileReference section */

/* Begin PBXFrameworksBuildPhase section */
		3B7CADE624E7744800EC3FAA /* Frameworks */ = {
			isa = PBXFrameworksBuildPhase;
			buildActionMask = 2147483647;
			files = (
				3B7CAE0A24E7B13000EC3FAA /* iDKSafeDictionary in Frameworks */,
				3B7CAE0824E78C4300EC3FAA /* iDKSwifterSwift in Frameworks */,
				3B7CAE0C24E7B13000EC3FAA /* iDKUserDefault in Frameworks */,
			);
			runOnlyForDeploymentPostprocessing = 0;
		};
/* End PBXFrameworksBuildPhase section */

/* Begin PBXGroup section */
		3B7CADE024E7744800EC3FAA = {
			isa = PBXGroup;
			children = (
				3B7CAE0024E774E800EC3FAA /* iDevKits */,
				3B7CADEB24E7744800EC3FAA /* iDevKitsExample */,
				3B7CADEA24E7744800EC3FAA /* Products */,
				3B7CAE0224E78B4000EC3FAA /* Frameworks */,
			);
			sourceTree = "<group>";
		};
		3B7CADEA24E7744800EC3FAA /* Products */ = {
			isa = PBXGroup;
			children = (
				3B7CADE924E7744800EC3FAA /* iDevKitsExample.app */,
			);
			name = Products;
			sourceTree = "<group>";
		};
		3B7CADEB24E7744800EC3FAA /* iDevKitsExample */ = {
			isa = PBXGroup;
			children = (
				3B7CADEC24E7744800EC3FAA /* AppDelegate.swift */,
				3B7CADF024E7744800EC3FAA /* ViewController.swift */,
				3B7CADF224E7744800EC3FAA /* Main.storyboard */,
				3B7CADF524E7744A00EC3FAA /* Assets.xcassets */,
				3B7CADF724E7744A00EC3FAA /* LaunchScreen.storyboard */,
				3B7CADFA24E7744A00EC3FAA /* Info.plist */,
			);
			path = iDevKitsExample;
			sourceTree = "<group>";
		};
		3B7CAE0224E78B4000EC3FAA /* Frameworks */ = {
			isa = PBXGroup;
			children = (
			);
			name = Frameworks;
			sourceTree = "<group>";
		};
/* End PBXGroup section */

/* Begin PBXNativeTarget section */
		3B7CADE824E7744800EC3FAA /* iDevKitsExample */ = {
			isa = PBXNativeTarget;
			buildConfigurationList = 3B7CADFD24E7744A00EC3FAA /* Build configuration list for PBXNativeTarget "iDevKitsExample" */;
			buildPhases = (
				3B7CADE524E7744800EC3FAA /* Sources */,
				3B7CADE624E7744800EC3FAA /* Frameworks */,
				3B7CADE724E7744800EC3FAA /* Resources */,
			);
			buildRules = (
			);
			dependencies = (
			);
			name = iDevKitsExample;
			packageProductDependencies = (
				3B7CAE0724E78C4300EC3FAA /* iDKSwifterSwift */,
				3B7CAE0924E7B13000EC3FAA /* iDKSafeDictionary */,
				3B7CAE0B24E7B13000EC3FAA /* iDKUserDefault */,
			);
			productName = iDevKitsExample;
			productReference = 3B7CADE924E7744800EC3FAA /* iDevKitsExample.app */;
			productType = "com.apple.product-type.application";
		};
/* End PBXNativeTarget section */

/* Begin PBXProject section */
		3B7CADE124E7744800EC3FAA /* Project object */ = {
			isa = PBXProject;
			attributes = {
				LastSwiftUpdateCheck = 1160;
				LastUpgradeCheck = 1160;
				ORGANIZATIONNAME = "Nghia Nguyen";
				TargetAttributes = {
					3B7CADE824E7744800EC3FAA = {
						CreatedOnToolsVersion = 11.6;
					};
				};
			};
			buildConfigurationList = 3B7CADE424E7744800EC3FAA /* Build configuration list for PBXProject "iDevKitsExample" */;
			compatibilityVersion = "Xcode 9.3";
			developmentRegion = en;
			hasScannedForEncodings = 0;
			knownRegions = (
				en,
				Base,
			);
			mainGroup = 3B7CADE024E7744800EC3FAA;
			productRefGroup = 3B7CADEA24E7744800EC3FAA /* Products */;
			projectDirPath = "";
			projectRoot = "";
			targets = (
				3B7CADE824E7744800EC3FAA /* iDevKitsExample */,
			);
		};
/* End PBXProject section */

/* Begin PBXResourcesBuildPhase section */
		3B7CADE724E7744800EC3FAA /* Resources */ = {
			isa = PBXResourcesBuildPhase;
			buildActionMask = 2147483647;
			files = (
				3B7CADF924E7744A00EC3FAA /* LaunchScreen.storyboard in Resources */,
				3B7CADF624E7744A00EC3FAA /* Assets.xcassets in Resources */,
				3B7CADF424E7744800EC3FAA /* Main.storyboard in Resources */,
				3B7CAE0124E774E800EC3FAA /* iDevKits in Resources */,
			);
			runOnlyForDeploymentPostprocessing = 0;
		};
/* End PBXResourcesBuildPhase section */

/* Begin PBXSourcesBuildPhase section */
		3B7CADE524E7744800EC3FAA /* Sources */ = {
			isa = PBXSourcesBuildPhase;
			buildActionMask = 2147483647;
			files = (
				3B7CADF124E7744800EC3FAA /* ViewController.swift in Sources */,
				3B7CADED24E7744800EC3FAA /* AppDelegate.swift in Sources */,
			);
			runOnlyForDeploymentPostprocessing = 0;
		};
/* End PBXSourcesBuildPhase section */

/* Begin PBXVariantGroup section */
		3B7CADF224E7744800EC3FAA /* Main.storyboard */ = {
			isa = PBXVariantGroup;
			children = (
				3B7CADF324E7744800EC3FAA /* Base */,
			);
			name = Main.storyboard;
			sourceTree = "<group>";
		};
		3B7CADF724E7744A00EC3FAA /* LaunchScreen.storyboard */ = {
			isa = PBXVariantGroup;
			children = (
				3B7CADF824E7744A00EC3FAA /* Base */,
			);
			name = LaunchScreen.storyboard;
			sourceTree = "<group>";
		};
/* End PBXVariantGroup section */

/* Begin XCBuildConfiguration section */
		3B7CADFB24E7744A00EC3FAA /* Debug */ = {
			isa = XCBuildConfiguration;
			buildSettings = {
				ALWAYS_SEARCH_USER_PATHS = NO;
				CLANG_ANALYZER_NONNULL = YES;
				CLANG_ANALYZER_NUMBER_OBJECT_CONVERSION = YES_AGGRESSIVE;
				CLANG_CXX_LANGUAGE_STANDARD = "gnu++14";
				CLANG_CXX_LIBRARY = "libc++";
				CLANG_ENABLE_MODULES = YES;
				CLANG_ENABLE_OBJC_ARC = YES;
				CLANG_ENABLE_OBJC_WEAK = YES;
				CLANG_WARN_BLOCK_CAPTURE_AUTORELEASING = YES;
				CLANG_WARN_BOOL_CONVERSION = YES;
				CLANG_WARN_COMMA = YES;
				CLANG_WARN_CONSTANT_CONVERSION = YES;
				CLANG_WARN_DEPRECATED_OBJC_IMPLEMENTATIONS = YES;
				CLANG_WARN_DIRECT_OBJC_ISA_USAGE = YES_ERROR;
				CLANG_WARN_DOCUMENTATION_COMMENTS = YES;
				CLANG_WARN_EMPTY_BODY = YES;
				CLANG_WARN_ENUM_CONVERSION = YES;
				CLANG_WARN_INFINITE_RECURSION = YES;
				CLANG_WARN_INT_CONVERSION = YES;
				CLANG_WARN_NON_LITERAL_NULL_CONVERSION = YES;
				CLANG_WARN_OBJC_IMPLICIT_RETAIN_SELF = YES;
				CLANG_WARN_OBJC_LITERAL_CONVERSION = YES;
				CLANG_WARN_OBJC_ROOT_CLASS = YES_ERROR;
				CLANG_WARN_RANGE_LOOP_ANALYSIS = YES;
				CLANG_WARN_STRICT_PROTOTYPES = YES;
				CLANG_WARN_SUSPICIOUS_MOVE = YES;
				CLANG_WARN_UNGUARDED_AVAILABILITY = YES_AGGRESSIVE;
				CLANG_WARN_UNREACHABLE_CODE = YES;
				CLANG_WARN__DUPLICATE_METHOD_MATCH = YES;
				COPY_PHASE_STRIP = NO;
				DEBUG_INFORMATION_FORMAT = dwarf;
				ENABLE_STRICT_OBJC_MSGSEND = YES;
				ENABLE_TESTABILITY = YES;
				GCC_C_LANGUAGE_STANDARD = gnu11;
				GCC_DYNAMIC_NO_PIC = NO;
				GCC_NO_COMMON_BLOCKS = YES;
				GCC_OPTIMIZATION_LEVEL = 0;
				GCC_PREPROCESSOR_DEFINITIONS = (
					"DEBUG=1",
					"$(inherited)",
				);
				GCC_WARN_64_TO_32_BIT_CONVERSION = YES;
				GCC_WARN_ABOUT_RETURN_TYPE = YES_ERROR;
				GCC_WARN_UNDECLARED_SELECTOR = YES;
				GCC_WARN_UNINITIALIZED_AUTOS = YES_AGGRESSIVE;
				GCC_WARN_UNUSED_FUNCTION = YES;
				GCC_WARN_UNUSED_VARIABLE = YES;
				IPHONEOS_DEPLOYMENT_TARGET = 11.0;
				MTL_ENABLE_DEBUG_INFO = INCLUDE_SOURCE;
				MTL_FAST_MATH = YES;
				ONLY_ACTIVE_ARCH = YES;
				SDKROOT = iphoneos;
				SWIFT_ACTIVE_COMPILATION_CONDITIONS = DEBUG;
				SWIFT_OPTIMIZATION_LEVEL = "-Onone";
			};
			name = Debug;
		};
		3B7CADFC24E7744A00EC3FAA /* Release */ = {
			isa = XCBuildConfiguration;
			buildSettings = {
				ALWAYS_SEARCH_USER_PATHS = NO;
				CLANG_ANALYZER_NONNULL = YES;
				CLANG_ANALYZER_NUMBER_OBJECT_CONVERSION = YES_AGGRESSIVE;
				CLANG_CXX_LANGUAGE_STANDARD = "gnu++14";
				CLANG_CXX_LIBRARY = "libc++";
				CLANG_ENABLE_MODULES = YES;
				CLANG_ENABLE_OBJC_ARC = YES;
				CLANG_ENABLE_OBJC_WEAK = YES;
				CLANG_WARN_BLOCK_CAPTURE_AUTORELEASING = YES;
				CLANG_WARN_BOOL_CONVERSION = YES;
				CLANG_WARN_COMMA = YES;
				CLANG_WARN_CONSTANT_CONVERSION = YES;
				CLANG_WARN_DEPRECATED_OBJC_IMPLEMENTATIONS = YES;
				CLANG_WARN_DIRECT_OBJC_ISA_USAGE = YES_ERROR;
				CLANG_WARN_DOCUMENTATION_COMMENTS = YES;
				CLANG_WARN_EMPTY_BODY = YES;
				CLANG_WARN_ENUM_CONVERSION = YES;
				CLANG_WARN_INFINITE_RECURSION = YES;
				CLANG_WARN_INT_CONVERSION = YES;
				CLANG_WARN_NON_LITERAL_NULL_CONVERSION = YES;
				CLANG_WARN_OBJC_IMPLICIT_RETAIN_SELF = YES;
				CLANG_WARN_OBJC_LITERAL_CONVERSION = YES;
				CLANG_WARN_OBJC_ROOT_CLASS = YES_ERROR;
				CLANG_WARN_RANGE_LOOP_ANALYSIS = YES;
				CLANG_WARN_STRICT_PROTOTYPES = YES;
				CLANG_WARN_SUSPICIOUS_MOVE = YES;
				CLANG_WARN_UNGUARDED_AVAILABILITY = YES_AGGRESSIVE;
				CLANG_WARN_UNREACHABLE_CODE = YES;
				CLANG_WARN__DUPLICATE_METHOD_MATCH = YES;
				COPY_PHASE_STRIP = NO;
				DEBUG_INFORMATION_FORMAT = "dwarf-with-dsym";
				ENABLE_NS_ASSERTIONS = NO;
				ENABLE_STRICT_OBJC_MSGSEND = YES;
				GCC_C_LANGUAGE_STANDARD = gnu11;
				GCC_NO_COMMON_BLOCKS = YES;
				GCC_WARN_64_TO_32_BIT_CONVERSION = YES;
				GCC_WARN_ABOUT_RETURN_TYPE = YES_ERROR;
				GCC_WARN_UNDECLARED_SELECTOR = YES;
				GCC_WARN_UNINITIALIZED_AUTOS = YES_AGGRESSIVE;
				GCC_WARN_UNUSED_FUNCTION = YES;
				GCC_WARN_UNUSED_VARIABLE = YES;
				IPHONEOS_DEPLOYMENT_TARGET = 11.0;
				MTL_ENABLE_DEBUG_INFO = NO;
				MTL_FAST_MATH = YES;
				SDKROOT = iphoneos;
				SWIFT_COMPILATION_MODE = wholemodule;
				SWIFT_OPTIMIZATION_LEVEL = "-O";
				VALIDATE_PRODUCT = YES;
			};
			name = Release;
		};
		3B7CADFE24E7744A00EC3FAA /* Debug */ = {
			isa = XCBuildConfiguration;
			buildSettings = {
				ASSETCATALOG_COMPILER_APPICON_NAME = AppIcon;
				CODE_SIGN_STYLE = Automatic;
				INFOPLIST_FILE = iDevKitsExample/Info.plist;
				IPHONEOS_DEPLOYMENT_TARGET = 11.0;
				LD_RUNPATH_SEARCH_PATHS = (
					"$(inherited)",
					"@executable_path/Frameworks",
				);
				PRODUCT_BUNDLE_IDENTIFIER = com.quangnghiadev.iDevKitsExample;
				PRODUCT_NAME = "$(TARGET_NAME)";
				SWIFT_VERSION = 5.0;
				TARGETED_DEVICE_FAMILY = "1,2";
			};
			name = Debug;
		};
		3B7CADFF24E7744A00EC3FAA /* Release */ = {
			isa = XCBuildConfiguration;
			buildSettings = {
				ASSETCATALOG_COMPILER_APPICON_NAME = AppIcon;
				CODE_SIGN_STYLE = Automatic;
				INFOPLIST_FILE = iDevKitsExample/Info.plist;
				IPHONEOS_DEPLOYMENT_TARGET = 11.0;
				LD_RUNPATH_SEARCH_PATHS = (
					"$(inherited)",
					"@executable_path/Frameworks",
				);
				PRODUCT_BUNDLE_IDENTIFIER = com.quangnghiadev.iDevKitsExample;
				PRODUCT_NAME = "$(TARGET_NAME)";
				SWIFT_VERSION = 5.0;
				TARGETED_DEVICE_FAMILY = "1,2";
			};
			name = Release;
		};
/* End XCBuildConfiguration section */

/* Begin XCConfigurationList section */
		3B7CADE424E7744800EC3FAA /* Build configuration list for PBXProject "iDevKitsExample" */ = {
			isa = XCConfigurationList;
			buildConfigurations = (
				3B7CADFB24E7744A00EC3FAA /* Debug */,
				3B7CADFC24E7744A00EC3FAA /* Release */,
			);
			defaultConfigurationIsVisible = 0;
			defaultConfigurationName = Release;
		};
		3B7CADFD24E7744A00EC3FAA /* Build configuration list for PBXNativeTarget "iDevKitsExample" */ = {
			isa = XCConfigurationList;
			buildConfigurations = (
				3B7CADFE24E7744A00EC3FAA /* Debug */,
				3B7CADFF24E7744A00EC3FAA /* Release */,
			);
			defaultConfigurationIsVisible = 0;
			defaultConfigurationName = Release;
		};
/* End XCConfigurationList section */

/* Begin XCSwiftPackageProductDependency section */
		3B7CAE0724E78C4300EC3FAA /* iDKSwifterSwift */ = {
			isa = XCSwiftPackageProductDependency;
			productName = iDKSwifterSwift;
		};
		3B7CAE0924E7B13000EC3FAA /* iDKSafeDictionary */ = {
			isa = XCSwiftPackageProductDependency;
			productName = iDKSafeDictionary;
		};
		3B7CAE0B24E7B13000EC3FAA /* iDKUserDefault */ = {
			isa = XCSwiftPackageProductDependency;
			productName = iDKUserDefault;
		};
/* End XCSwiftPackageProductDependency section */
	};
	rootObject = 3B7CADE124E7744800EC3FAA /* Project object */;
}
